
Microsoft Visual Studio Solution File, Format Version 12.00
# Visual Studio Version 17
VisualStudioVersion = 17.0.31903.59
MinimumVisualStudioVersion = 10.0.40219.1
Project("{2150E333-8FDC-42A3-9474-1A3956D46DE8}") = "src", "src", "{827E0CD3-B72D-47B6-A68D-7590B98EB39B}"
EndProject
Project("{FAE04EC0-301F-11D3-BF4B-00C04F79EFBC}") = "Certiva.Domain", "src\Certiva.Domain\Certiva.Domain.csproj", "{D5E5C37D-CC7F-4B9A-9D15-38A1A2B9E8E1}"
EndProject
Project("{FAE04EC0-301F-11D3-BF4B-00C04F79EFBC}") = "Certiva.Application", "src\Certiva.Application\Certiva.Application.csproj", "{4F7D7A8B-72B1-4E0C-A4D1-7C2A5C4C1F90}"
EndProject
Project("{FAE04EC0-301F-11D3-BF4B-00C04F79EFBC}") = "Certiva.Web", "src\Certiva.Web\Certiva.Web.csproj", "{580A3243-3629-4626-9FCE-E38AC1310B01}"
EndProject
Project("{FAE04EC0-301F-11D3-BF4B-00C04F79EFBC}") = "Certiva.Infrastructure", "src\Certiva.Infrastructure\Certiva.Infrastructure.csproj", "{821CF15B-1E2E-49F1-AB4A-4C27DC3DE156}"
EndProject
Project("{2150E333-8FDC-42A3-9474-1A3956D46DE8}") = "tests", "tests", "{0AB3BF05-4346-4AA6-1389-037BE0695223}"
EndProject
Project("{FAE04EC0-301F-11D3-BF4B-00C04F79EFBC}") = "Certiva.Domain.Tests", "tests\Certiva.Domain.Tests\Certiva.Domain.Tests.csproj", "{B7C5D60A-C708-453F-9857-A8B572642707}"
EndProject
Project("{FAE04EC0-301F-11D3-BF4B-00C04F79EFBC}") = "Certiva.Application.Tests", "tests\Certiva.Application.Tests\Certiva.Application.Tests.csproj", "{D17202B6-611A-490A-907D-6C44D8DFFE66}"
EndProject
Project("{FAE04EC0-301F-11D3-BF4B-00C04F79EFBC}") = "Certiva.Infrastructure.Tests", "tests\Certiva.Infrastructure.Tests\Certiva.Infrastructure.Tests.csproj", "{EAF638B0-68F0-448B-B787-2486D88B3872}"
EndProject
Project("{FAE04EC0-301F-11D3-BF4B-00C04F79EFBC}") = "Certiva.Web.Tests", "tests\Certiva.Web.Tests\Certiva.Web.Tests.csproj", "{A6C3B54F-F3DD-4B4B-9FE3-B0AEE78E649F}"
EndProject
Global
	GlobalSection(SolutionConfigurationPlatforms) = preSolution
		Debug|Any CPU = Debug|Any CPU
		Debug|x64 = Debug|x64
		Debug|x86 = Debug|x86
		Release|Any CPU = Release|Any CPU
		Release|x64 = Release|x64
		Release|x86 = Release|x86
	EndGlobalSection
	GlobalSection(ProjectConfigurationPlatforms) = postSolution
		{D5E5C37D-CC7F-4B9A-9D15-38A1A2B9E8E1}.Debug|Any CPU.ActiveCfg = Debug|Any CPU
		{D5E5C37D-CC7F-4B9A-9D15-38A1A2B9E8E1}.Debug|Any CPU.Build.0 = Debug|Any CPU
		{D5E5C37D-CC7F-4B9A-9D15-38A1A2B9E8E1}.Debug|x64.ActiveCfg = Debug|Any CPU
		{D5E5C37D-CC7F-4B9A-9D15-38A1A2B9E8E1}.Debug|x64.Build.0 = Debug|Any CPU
		{D5E5C37D-CC7F-4B9A-9D15-38A1A2B9E8E1}.Debug|x86.ActiveCfg = Debug|Any CPU
		{D5E5C37D-CC7F-4B9A-9D15-38A1A2B9E8E1}.Debug|x86.Build.0 = Debug|Any CPU
		{D5E5C37D-CC7F-4B9A-9D15-38A1A2B9E8E1}.Release|Any CPU.ActiveCfg = Release|Any CPU
		{D5E5C37D-CC7F-4B9A-9D15-38A1A2B9E8E1}.Release|Any CPU.Build.0 = Release|Any CPU
		{D5E5C37D-CC7F-4B9A-9D15-38A1A2B9E8E1}.Release|x64.ActiveCfg = Release|Any CPU
		{D5E5C37D-CC7F-4B9A-9D15-38A1A2B9E8E1}.Release|x64.Build.0 = Release|Any CPU
		{D5E5C37D-CC7F-4B9A-9D15-38A1A2B9E8E1}.Release|x86.ActiveCfg = Release|Any CPU
		{D5E5C37D-CC7F-4B9A-9D15-38A1A2B9E8E1}.Release|x86.Build.0 = Release|Any CPU
		{4F7D7A8B-72B1-4E0C-A4D1-7C2A5C4C1F90}.Debug|Any CPU.ActiveCfg = Debug|Any CPU
		{4F7D7A8B-72B1-4E0C-A4D1-7C2A5C4C1F90}.Debug|Any CPU.Build.0 = Debug|Any CPU
		{4F7D7A8B-72B1-4E0C-A4D1-7C2A5C4C1F90}.Debug|x64.ActiveCfg = Debug|Any CPU
		{4F7D7A8B-72B1-4E0C-A4D1-7C2A5C4C1F90}.Debug|x64.Build.0 = Debug|Any CPU
		{4F7D7A8B-72B1-4E0C-A4D1-7C2A5C4C1F90}.Debug|x86.ActiveCfg = Debug|Any CPU
		{4F7D7A8B-72B1-4E0C-A4D1-7C2A5C4C1F90}.Debug|x86.Build.0 = Debug|Any CPU
		{4F7D7A8B-72B1-4E0C-A4D1-7C2A5C4C1F90}.Release|Any CPU.ActiveCfg = Release|Any CPU
		{4F7D7A8B-72B1-4E0C-A4D1-7C2A5C4C1F90}.Release|Any CPU.Build.0 = Release|Any CPU
		{4F7D7A8B-72B1-4E0C-A4D1-7C2A5C4C1F90}.Release|x64.ActiveCfg = Release|Any CPU
		{4F7D7A8B-72B1-4E0C-A4D1-7C2A5C4C1F90}.Release|x64.Build.0 = Release|Any CPU
		{4F7D7A8B-72B1-4E0C-A4D1-7C2A5C4C1F90}.Release|x86.ActiveCfg = Release|Any CPU
		{4F7D7A8B-72B1-4E0C-A4D1-7C2A5C4C1F90}.Release|x86.Build.0 = Release|Any CPU
		{580A3243-3629-4626-9FCE-E38AC1310B01}.Debug|Any CPU.ActiveCfg = Debug|Any CPU
		{580A3243-3629-4626-9FCE-E38AC1310B01}.Debug|Any CPU.Build.0 = Debug|Any CPU
		{580A3243-3629-4626-9FCE-E38AC1310B01}.Debug|x64.ActiveCfg = Debug|Any CPU
		{580A3243-3629-4626-9FCE-E38AC1310B01}.Debug|x64.Build.0 = Debug|Any CPU
		{580A3243-3629-4626-9FCE-E38AC1310B01}.Debug|x86.ActiveCfg = Debug|Any CPU
		{580A3243-3629-4626-9FCE-E38AC1310B01}.Debug|x86.Build.0 = Debug|Any CPU
		{580A3243-3629-4626-9FCE-E38AC1310B01}.Release|Any CPU.ActiveCfg = Release|Any CPU
		{580A3243-3629-4626-9FCE-E38AC1310B01}.Release|Any CPU.Build.0 = Release|Any CPU
		{580A3243-3629-4626-9FCE-E38AC1310B01}.Release|x64.ActiveCfg = Release|Any CPU
		{580A3243-3629-4626-9FCE-E38AC1310B01}.Release|x64.Build.0 = Release|Any CPU
		{580A3243-3629-4626-9FCE-E38AC1310B01}.Release|x86.ActiveCfg = Release|Any CPU
		{580A3243-3629-4626-9FCE-E38AC1310B01}.Release|x86.Build.0 = Release|Any CPU
		{821CF15B-1E2E-49F1-AB4A-4C27DC3DE156}.Debug|Any CPU.ActiveCfg = Debug|Any CPU
		{821CF15B-1E2E-49F1-AB4A-4C27DC3DE156}.Debug|Any CPU.Build.0 = Debug|Any CPU
		{821CF15B-1E2E-49F1-AB4A-4C27DC3DE156}.Debug|x64.ActiveCfg = Debug|Any CPU
		{821CF15B-1E2E-49F1-AB4A-4C27DC3DE156}.Debug|x64.Build.0 = Debug|Any CPU
		{821CF15B-1E2E-49F1-AB4A-4C27DC3DE156}.Debug|x86.ActiveCfg = Debug|Any CPU
		{821CF15B-1E2E-49F1-AB4A-4C27DC3DE156}.Debug|x86.Build.0 = Debug|Any CPU
		{821CF15B-1E2E-49F1-AB4A-4C27DC3DE156}.Release|Any CPU.ActiveCfg = Release|Any CPU
		{821CF15B-1E2E-49F1-AB4A-4C27DC3DE156}.Release|Any CPU.Build.0 = Release|Any CPU
		{821CF15B-1E2E-49F1-AB4A-4C27DC3DE156}.Release|x64.ActiveCfg = Release|Any CPU
		{821CF15B-1E2E-49F1-AB4A-4C27DC3DE156}.Release|x64.Build.0 = Release|Any CPU
		{821CF15B-1E2E-49F1-AB4A-4C27DC3DE156}.Release|x86.ActiveCfg = Release|Any CPU
		{821CF15B-1E2E-49F1-AB4A-4C27DC3DE156}.Release|x86.Build.0 = Release|Any CPU
		{B7C5D60A-C708-453F-9857-A8B572642707}.Debug|Any CPU.ActiveCfg = Debug|Any CPU
		{B7C5D60A-C708-453F-9857-A8B572642707}.Debug|Any CPU.Build.0 = Debug|Any CPU
		{B7C5D60A-C708-453F-9857-A8B572642707}.Debug|x64.ActiveCfg = Debug|Any CPU
		{B7C5D60A-C708-453F-9857-A8B572642707}.Debug|x64.Build.0 = Debug|Any CPU
		{B7C5D60A-C708-453F-9857-A8B572642707}.Debug|x86.ActiveCfg = Debug|Any CPU
		{B7C5D60A-C708-453F-9857-A8B572642707}.Debug|x86.Build.0 = Debug|Any CPU
		{B7C5D60A-C708-453F-9857-A8B572642707}.Release|Any CPU.ActiveCfg = Release|Any CPU
		{B7C5D60A-C708-453F-9857-A8B572642707}.Release|Any CPU.Build.0 = Release|Any CPU
		{B7C5D60A-C708-453F-9857-A8B572642707}.Release|x64.ActiveCfg = Release|Any CPU
		{B7C5D60A-C708-453F-9857-A8B572642707}.Release|x64.Build.0 = Release|Any CPU
		{B7C5D60A-C708-453F-9857-A8B572642707}.Release|x86.ActiveCfg = Release|Any CPU
		{B7C5D60A-C708-453F-9857-A8B572642707}.Release|x86.Build.0 = Release|Any CPU
		{D17202B6-611A-490A-907D-6C44D8DFFE66}.Debug|Any CPU.ActiveCfg = Debug|Any CPU
		{D17202B6-611A-490A-907D-6C44D8DFFE66}.Debug|Any CPU.Build.0 = Debug|Any CPU
		{D17202B6-611A-490A-907D-6C44D8DFFE66}.Debug|x64.ActiveCfg = Debug|Any CPU
		{D17202B6-611A-490A-907D-6C44D8DFFE66}.Debug|x64.Build.0 = Debug|Any CPU
		{D17202B6-611A-490A-907D-6C44D8DFFE66}.Debug|x86.ActiveCfg = Debug|Any CPU
		{D17202B6-611A-490A-907D-6C44D8DFFE66}.Debug|x86.Build.0 = Debug|Any CPU
		{D17202B6-611A-490A-907D-6C44D8DFFE66}.Release|Any CPU.ActiveCfg = Release|Any CPU
		{D17202B6-611A-490A-907D-6C44D8DFFE66}.Release|Any CPU.Build.0 = Release|Any CPU
		{D17202B6-611A-490A-907D-6C44D8DFFE66}.Release|x64.ActiveCfg = Release|Any CPU
		{D17202B6-611A-490A-907D-6C44D8DFFE66}.Release|x64.Build.0 = Release|Any CPU
		{D17202B6-611A-490A-907D-6C44D8DFFE66}.Release|x86.ActiveCfg = Release|Any CPU
		{D17202B6-611A-490A-907D-6C44D8DFFE66}.Release|x86.Build.0 = Release|Any CPU
		{EAF638B0-68F0-448B-B787-2486D88B3872}.Debug|Any CPU.ActiveCfg = Debug|Any CPU
		{EAF638B0-68F0-448B-B787-2486D88B3872}.Debug|Any CPU.Build.0 = Debug|Any CPU
		{EAF638B0-68F0-448B-B787-2486D88B3872}.Debug|x64.ActiveCfg = Debug|Any CPU
		{EAF638B0-68F0-448B-B787-2486D88B3872}.Debug|x64.Build.0 = Debug|Any CPU
		{EAF638B0-68F0-448B-B787-2486D88B3872}.Debug|x86.ActiveCfg = Debug|Any CPU
		{EAF638B0-68F0-448B-B787-2486D88B3872}.Debug|x86.Build.0 = Debug|Any CPU
		{EAF638B0-68F0-448B-B787-2486D88B3872}.Release|Any CPU.ActiveCfg = Release|Any CPU
		{EAF638B0-68F0-448B-B787-2486D88B3872}.Release|Any CPU.Build.0 = Release|Any CPU
		{EAF638B0-68F0-448B-B787-2486D88B3872}.Release|x64.ActiveCfg = Release|Any CPU
		{EAF638B0-68F0-448B-B787-2486D88B3872}.Release|x64.Build.0 = Release|Any CPU
		{EAF638B0-68F0-448B-B787-2486D88B3872}.Release|x86.ActiveCfg = Release|Any CPU
		{EAF638B0-68F0-448B-B787-2486D88B3872}.Release|x86.Build.0 = Release|Any CPU
		{A6C3B54F-F3DD-4B4B-9FE3-B0AEE78E649F}.Debug|Any CPU.ActiveCfg = Debug|Any CPU
		{A6C3B54F-F3DD-4B4B-9FE3-B0AEE78E649F}.Debug|Any CPU.Build.0 = Debug|Any CPU
		{A6C3B54F-F3DD-4B4B-9FE3-B0AEE78E649F}.Debug|x64.ActiveCfg = Debug|Any CPU
		{A6C3B54F-F3DD-4B4B-9FE3-B0AEE78E649F}.Debug|x64.Build.0 = Debug|Any CPU
		{A6C3B54F-F3DD-4B4B-9FE3-B0AEE78E649F}.Debug|x86.ActiveCfg = Debug|Any CPU
		{A6C3B54F-F3DD-4B4B-9FE3-B0AEE78E649F}.Debug|x86.Build.0 = Debug|Any CPU
		{A6C3B54F-F3DD-4B4B-9FE3-B0AEE78E649F}.Release|Any CPU.ActiveCfg = Release|Any CPU
		{A6C3B54F-F3DD-4B4B-9FE3-B0AEE78E649F}.Release|Any CPU.Build.0 = Release|Any CPU
		{A6C3B54F-F3DD-4B4B-9FE3-B0AEE78E649F}.Release|x64.ActiveCfg = Release|Any CPU
		{A6C3B54F-F3DD-4B4B-9FE3-B0AEE78E649F}.Release|x64.Build.0 = Release|Any CPU
		{A6C3B54F-F3DD-4B4B-9FE3-B0AEE78E649F}.Release|x86.ActiveCfg = Release|Any CPU
		{A6C3B54F-F3DD-4B4B-9FE3-B0AEE78E649F}.Release|x86.Build.0 = Release|Any CPU
	EndGlobalSection
	GlobalSection(SolutionProperties) = preSolution
		HideSolutionNode = FALSE
	EndGlobalSection
	GlobalSection(NestedProjects) = preSolution
		{D5E5C37D-CC7F-4B9A-9D15-38A1A2B9E8E1} = {827E0CD3-B72D-47B6-A68D-7590B98EB39B}
		{4F7D7A8B-72B1-4E0C-A4D1-7C2A5C4C1F90} = {827E0CD3-B72D-47B6-A68D-7590B98EB39B}
		{580A3243-3629-4626-9FCE-E38AC1310B01} = {827E0CD3-B72D-47B6-A68D-7590B98EB39B}
		{821CF15B-1E2E-49F1-AB4A-4C27DC3DE156} = {827E0CD3-B72D-47B6-A68D-7590B98EB39B}
		{B7C5D60A-C708-453F-9857-A8B572642707} = {0AB3BF05-4346-4AA6-1389-037BE0695223}
		{D17202B6-611A-490A-907D-6C44D8DFFE66} = {0AB3BF05-4346-4AA6-1389-037BE0695223}
		{EAF638B0-68F0-448B-B787-2486D88B3872} = {0AB3BF05-4346-4AA6-1389-037BE0695223}
		{A6C3B54F-F3DD-4B4B-9FE3-B0AEE78E649F} = {0AB3BF05-4346-4AA6-1389-037BE0695223}
	EndGlobalSection
EndGlobal
